webtyp.com/color v0.1.2 h1:PN2vx9jtlwFsu2juQoaj0GEJMY/ex3fQDcop20V8+ik=
webtyp.com/color v0.1.2/go.mod h1:p5n4e0KRiPavkkQajtQKoMAU7C+1yx86AZlzMWTJhC8=
webtyp.com/css v0.4.28 h1:LbXHbJxRcVOvfsGbg7lLwXEZFtqmGqqMLknN4+usDyc=
webtyp.com/css v0.4.28/go.mod h1:qbi0OpxKohFtrEzMCFmcM8w1LaLGSd+Nlw+LzLSNZhU=
webtyp.com/dom v0.13.21 h1:hhX1+VTT/thdr/9FW17dpZVex1pzCYb6LpVUWu6q9iM=
webtyp.com/dom v0.13.21/go.mod h1:Tk4nVAl5F/yGNU6FaprSk1bCVKWLzWlPSf+XnpgHfpk=
webtyp.com/escape v0.1.0 h1:LvAiviOM15TUiJBUK4CO7TLp3oAQ+GoKunaVTVKsklA=
webtyp.com/escape v0.1.0/go.mod h1:77ZTqob2u8NA2FUu723FzajXwcTk4ddlWWLXtKyOfO4=
webtyp.com/fmt v1.0.0 h1:W0vMMGC6ezg1q2LarAEaVnNvZ26hVqzZdQQH1wcNogM=
webtyp.com/fmt v1.0.0/go.mod h1:FmTxx713R45J21kbH5JOmKGaaCap3fJPA9Yl2n4Ch7U=
webtyp.com/font v0.0.5 h1:EqjnVf8PPdRo4e+dRBBv+HaUqi0IeZjjNwsKexfqyIk=
webtyp.com/font v0.0.5/go.mod h1:N/3YKN5z5qlVGVFM7Rdc4iOG2Yba+EOru/bzKJARaCM=
webtyp.com/input v0.0.17 h1:8FFNx/5jFrvkyPQIivdkfgLO2wiKzTcHGfIDWWz8c9I=
webtyp.com/input v0.0.17/go.mod h1:u9CCxtg6pITXduquHLHVRdgj+68YE8rDdyhbXPqiQaQ=
webtyp.com/lang v0.1.3 h1:ddqHzQzwcD03dPbBQTIJIh9cFjv4IcG54SNskcKDjTQ=
webtyp.com/lang v0.1.3/go.mod h1:OuJEJVwVeHSMs5GUtWs+cIZ7vQKup0qTZKilvSBEsmE=
webtyp.com/model v0.2.2 h1:9+yUcKgnbZombAmnXsKXdCWXWNq5ZgdKDFJj0V102g8=
webtyp.com/model v0.2.2/go.mod h1:OkyYeE3GOG8eAQGhd9wVsORAhr+xYj3q8avpoGXG25c=
webtyp.com/widget v0.6.36 h1:mBZu77IrGezIONhMszM1IOHJbqNOZ1xwf0tqxVogONs=
webtyp.com/widget v0.6.36/go.mod h1:cjYlxIDHE5vRhjFwZjlWYODWF9MecbrRsdZc++c+jO4=
