github.com/tinywasm/dom v0.13.9 h1:PM5ANncdQwbUH7sBb86sNIeGmy8eC41ssA+T+K0AB0s=
github.com/tinywasm/dom v0.13.9/go.mod h1:e8Na6YcSBCjj6mrDhHqPI5rDPMJtEhzhiDVxv4jIgWU=
github.com/tinywasm/fmt v0.25.7 h1:Rju5B7LfrGu2QOA0L5IN0Cb9NwH5h8afGbawnF59Mec=
github.com/tinywasm/fmt v0.25.7/go.mod h1:2Y4hlsQxqVsZ5z9vQL5XQbEzLQtQOr1Bhp44nPGfydA=
github.com/tinywasm/input v0.0.2 h1:ZGgXxCAHk7eiRWIU0hqN42xMGPxPlEumZY+YjSzNrTA=
github.com/tinywasm/input v0.0.2/go.mod h1:i4FkLD0sAlVqo+aF/DKqlhHa0wVeQ5WOoIUV/34rtI4=
github.com/tinywasm/model v0.1.7 h1:uDhFLmF/lr4IqFfFX22Kpw0RvVbMr2SH+P9K5l+Khr8=
github.com/tinywasm/model v0.1.7/go.mod h1:kMRzuf72yzUh2k9CCA9Yn/FEGs4gTjW7FsyCvlo9HwU=
github.com/tinywasm/widget v0.6.23 h1:nlOV20f9Lqx0yagib1FmG9SBvSSZG2sxcWOeU304QIg=
github.com/tinywasm/widget v0.6.23/go.mod h1:N5/Jn8rjBPt51Sdes8E6F+WtqD7O9pvPgdzVVood4iY=
