webtyp.com/color v0.1.2 h1:PN2vx9jtlwFsu2juQoaj0GEJMY/ex3fQDcop20V8+ik=
webtyp.com/color v0.1.2/go.mod h1:p5n4e0KRiPavkkQajtQKoMAU7C+1yx86AZlzMWTJhC8=
webtyp.com/css v0.4.27 h1:33MG7ZW8CRMi79nCPrzRGAw93ELfdwqodZCUQqN+nKc=
webtyp.com/css v0.4.27/go.mod h1:qbi0OpxKohFtrEzMCFmcM8w1LaLGSd+Nlw+LzLSNZhU=
webtyp.com/css v0.4.28 h1:LbXHbJxRcVOvfsGbg7lLwXEZFtqmGqqMLknN4+usDyc=
webtyp.com/css v0.4.28/go.mod h1:qbi0OpxKohFtrEzMCFmcM8w1LaLGSd+Nlw+LzLSNZhU=
webtyp.com/dom v0.13.18 h1:3XwQhMxVKKYXBtCNF+wbAyTZxNQgP45EG8TzoMFSCoo=
webtyp.com/dom v0.13.18/go.mod h1:p7Vl/6A0VR3GU+NHR4Ggn0oTnRRBPUZ9+RziR5tDB4Q=
webtyp.com/fmt v1.0.0 h1:W0vMMGC6ezg1q2LarAEaVnNvZ26hVqzZdQQH1wcNogM=
webtyp.com/fmt v1.0.0/go.mod h1:FmTxx713R45J21kbH5JOmKGaaCap3fJPA9Yl2n4Ch7U=
webtyp.com/font v0.0.5 h1:EqjnVf8PPdRo4e+dRBBv+HaUqi0IeZjjNwsKexfqyIk=
webtyp.com/font v0.0.5/go.mod h1:N/3YKN5z5qlVGVFM7Rdc4iOG2Yba+EOru/bzKJARaCM=
webtyp.com/input v0.0.9 h1:M9Ccd0YtaqPuLZI2LeuVZfl1NyA3i4VvSUFBQWfRz8s=
webtyp.com/input v0.0.9/go.mod h1:G4oOhJLm3Lvp4JVIhMs0LzGnFM0GC+b7rbmS15djQ2I=
webtyp.com/input v0.0.11 h1:tPTdv6nQvvDQLlzlkat4r3fp/P+xdKEZJ23IkI+Vvwk=
webtyp.com/input v0.0.11/go.mod h1:G4oOhJLm3Lvp4JVIhMs0LzGnFM0GC+b7rbmS15djQ2I=
webtyp.com/model v0.1.9 h1:XpkNiIQbIVaFrbh4E/UqdIutHFNA92//KSP4M/owaSQ=
webtyp.com/model v0.1.9/go.mod h1:OkyYeE3GOG8eAQGhd9wVsORAhr+xYj3q8avpoGXG25c=
webtyp.com/widget v0.6.34 h1:YtFaIAFCz7ENXtYObyj/sa77FPVCaMEHK9Ss6mag9eQ=
webtyp.com/widget v0.6.34/go.mod h1:QY1JMDQ3F1EKPXhYQcvSdTYzAJSZtpv+xJonAMTh7f8=
webtyp.com/widget v0.6.35 h1:WOThRndaaznRnm2IBQrfhEOoP4ttYCpq0QNDPEhCfZ0=
webtyp.com/widget v0.6.35/go.mod h1:cjYlxIDHE5vRhjFwZjlWYODWF9MecbrRsdZc++c+jO4=
